{
  "name": "getting-started",
  "lockfileVersion": 2,
  "requires": true,
  "packages": {
    "": {
      "dependencies": {
        "ty": "^0.0.1"
      }
    },
    "node_modules/ty": {
      "version": "0.0.1",
      "resolved": "https://registry.npmjs.org/ty/-/ty-0.0.1.tgz",
      "integrity": "sha1-RBq2KBiWz1dRtKRFWdkxSUkFFQE="
    }
  },
  "dependencies": {
    "ty": {
      "version": "0.0.1",
      "resolved": "https://registry.npmjs.org/ty/-/ty-0.0.1.tgz",
      "integrity": "sha1-RBq2KBiWz1dRtKRFWdkxSUkFFQE="
    }
  }
}
